
Microsoft Visual Studio Solution File, Format Version 12.00
# Visual Studio 2015
Project("{FAE04EC0-301F-11D3-BF4B-00C04F79EFBC}") = "LD38.CSharp", "LD38.CSharp.csproj", "{CBFB47EF-B944-A5BD-8D66-85DDEB727154}"
EndProject
Global
	GlobalSection(SolutionConfigurationPlatforms) = preSolution
		Debug|Any CPU = Debug|Any CPU
		Release|Any CPU = Release|Any CPU
	EndGlobalSection
	GlobalSection(ProjectConfigurationPlatforms) = postSolution
		{CBFB47EF-B944-A5BD-8D66-85DDEB727154}.Debug|Any CPU.ActiveCfg = Debug|Any CPU
		{CBFB47EF-B944-A5BD-8D66-85DDEB727154}.Debug|Any CPU.Build.0 = Debug|Any CPU
		{CBFB47EF-B944-A5BD-8D66-85DDEB727154}.Release|Any CPU.ActiveCfg = Release|Any CPU
		{CBFB47EF-B944-A5BD-8D66-85DDEB727154}.Release|Any CPU.Build.0 = Release|Any CPU
	EndGlobalSection
	GlobalSection(SolutionProperties) = preSolution
		HideSolutionNode = FALSE
	EndGlobalSection
EndGlobal
